
Microsoft Visual Studio Solution File, Format Version 12.00
# Visual Studio Version 17
VisualStudioVersion = 17.2.32616.157
MinimumVisualStudioVersion = 10.0.40219.1
Project("{FAE04EC0-301F-11D3-BF4B-00C04F79EFBC}") = "EjemploClase12", "EjemploClase12\EjemploClase12.csproj", "{A3CE8BF6-7689-4503-BABD-CA8059FA171C}"
EndProject
Global
	GlobalSection(SolutionConfigurationPlatforms) = preSolution
		Debug|Any CPU = Debug|Any CPU
		Release|Any CPU = Release|Any CPU
	EndGlobalSection
	GlobalSection(ProjectConfigurationPlatforms) = postSolution
		{A3CE8BF6-7689-4503-BABD-CA8059FA171C}.Debug|Any CPU.ActiveCfg = Debug|Any CPU
		{A3CE8BF6-7689-4503-BABD-CA8059FA171C}.Debug|Any CPU.Build.0 = Debug|Any CPU
		{A3CE8BF6-7689-4503-BABD-CA8059FA171C}.Release|Any CPU.ActiveCfg = Release|Any CPU
		{A3CE8BF6-7689-4503-BABD-CA8059FA171C}.Release|Any CPU.Build.0 = Release|Any CPU
	EndGlobalSection
	GlobalSection(SolutionProperties) = preSolution
		HideSolutionNode = FALSE
	EndGlobalSection
	GlobalSection(ExtensibilityGlobals) = postSolution
		SolutionGuid = {149C6317-8676-45C3-BF6B-C11CD5BA1075}
	EndGlobalSection
EndGlobal
